
Microsoft Visual Studio Solution File, Format Version 12.00
# Visual Studio Version 17
VisualStudioVersion = 17.2.32516.85
MinimumVisualStudioVersion = 10.0.40219.1
Project("{FAE04EC0-301F-11D3-BF4B-00C04F79EFBC}") = "MethodOverloadingExercies", "MethodOverloadingExercies\MethodOverloadingExercies.csproj", "{9E113DA0-2432-41E8-BEA6-1F343C23F51A}"
EndProject
Global
	GlobalSection(SolutionConfigurationPlatforms) = preSolution
		Debug|Any CPU = Debug|Any CPU
		Release|Any CPU = Release|Any CPU
	EndGlobalSection
	GlobalSection(ProjectConfigurationPlatforms) = postSolution
		{9E113DA0-2432-41E8-BEA6-1F343C23F51A}.Debug|Any CPU.ActiveCfg = Debug|Any CPU
		{9E113DA0-2432-41E8-BEA6-1F343C23F51A}.Debug|Any CPU.Build.0 = Debug|Any CPU
		{9E113DA0-2432-41E8-BEA6-1F343C23F51A}.Release|Any CPU.ActiveCfg = Release|Any CPU
		{9E113DA0-2432-41E8-BEA6-1F343C23F51A}.Release|Any CPU.Build.0 = Release|Any CPU
	EndGlobalSection
	GlobalSection(SolutionProperties) = preSolution
		HideSolutionNode = FALSE
	EndGlobalSection
	GlobalSection(ExtensibilityGlobals) = postSolution
		SolutionGuid = {5BABD528-5B4F-4582-9582-1FED9A32A439}
	EndGlobalSection
EndGlobal
